<?xml version="1.0" encoding="utf-8"?>
<Project ToolsVersion="4.0" xmlns="http://schemas.microsoft.com/developer/msbuild/2003">
  <ItemGroup>
    <Filter Include="Source Files">
      <UniqueIdentifier>{2b2b8545-3588-4835-96b6-848e2180cb74}</UniqueIdentifier>
      <Extensions>cpp;c;cxx;rc;def;r;odl;idl;hpj;bat</Extensions>
    </Filter>
    <Filter Include="Header Files">
      <UniqueIdentifier>{2b24cd0f-b8c8-45aa-98ea-34b7c236e91b}</UniqueIdentifier>
      <Extensions>h;hpp;hxx;hm;inl</Extensions>
    </Filter>
    <Filter Include="Resource Files">
      <UniqueIdentifier>{86097068-456f-4e77-a815-dbade52658d7}</UniqueIdentifier>
      <Extensions>ico;cur;bmp;dlg;rc2;rct;bin;rgs;gif;jpg;jpeg;jpe</Extensions>
    </Filter>
  </ItemGroup>
  <ItemGroup>
    <ClCompile Include="GraphOrderLibrary.cpp">
      <Filter>Source Files</Filter>
    </ClCompile>
    <ClCompile Include="StdAfx.cpp">
      <Filter>Source Files</Filter>
    </ClCompile>
    <ClCompile Include="AboutProgramDlg.cpp">
      <Filter>Source Files</Filter>
    </ClCompile>
    <ClCompile Include="AdditionalSettingsDlg.cpp">
      <Filter>Source Files</Filter>
    </ClCompile>
    <ClCompile Include="AdmRead.cpp">
      <Filter>Source Files</Filter>
    </ClCompile>
    <ClCompile Include="ChildFrm.cpp">
      <Filter>Source Files</Filter>
    </ClCompile>
    <ClCompile Include="ChooseOrderDlg.cpp">
      <Filter>Source Files</Filter>
    </ClCompile>
    <ClCompile Include="CodTechRead.cpp">
      <Filter>Source Files</Filter>
    </ClCompile>
    <ClCompile Include="DescrdocRead.cpp">
      <Filter>Source Files</Filter>
    </ClCompile>
    <ClCompile Include="DescrRead.cpp">
      <Filter>Source Files</Filter>
    </ClCompile>
    <ClCompile Include="GeneralSettingsDlg.cpp">
      <Filter>Source Files</Filter>
    </ClCompile>
    <ClCompile Include="GraphOrderDoc.cpp">
      <Filter>Source Files</Filter>
    </ClCompile>
    <ClCompile Include="GraphOrderView.cpp">
      <Filter>Source Files</Filter>
    </ClCompile>
    <ClCompile Include="ListdocsRead.cpp">
      <Filter>Source Files</Filter>
    </ClCompile>
    <ClCompile Include="MainFrm.cpp">
      <Filter>Source Files</Filter>
    </ClCompile>
    <ClCompile Include="MetaTableRead.cpp">
      <Filter>Source Files</Filter>
    </ClCompile>
    <ClCompile Include="NameAdr.cpp">
      <Filter>Source Files</Filter>
    </ClCompile>
    <ClCompile Include="NregionRead.cpp">
      <Filter>Source Files</Filter>
    </ClCompile>
    <ClCompile Include="OrdAllRead.cpp">
      <Filter>Source Files</Filter>
    </ClCompile>
    <ClCompile Include="OrderMainFrm.cpp">
      <Filter>Source Files</Filter>
    </ClCompile>
    <ClCompile Include="OrderSayDoc.cpp">
      <Filter>Source Files</Filter>
    </ClCompile>
    <ClCompile Include="OrderSayView.cpp">
      <Filter>Source Files</Filter>
    </ClCompile>
    <ClCompile Include="SelectStateOrder.cpp">
      <Filter>Source Files</Filter>
    </ClCompile>
    <ClCompile Include="ServiceRead.cpp">
      <Filter>Source Files</Filter>
    </ClCompile>
  </ItemGroup>
  <ItemGroup>
    <ResourceCompile Include="GraphOrderLibrary.rc">
      <Filter>Source Files</Filter>
    </ResourceCompile>
  </ItemGroup>
  <ItemGroup>
    <ClInclude Include="Resource.h">
      <Filter>Header Files</Filter>
    </ClInclude>
    <ClInclude Include="StdAfx.h">
      <Filter>Header Files</Filter>
    </ClInclude>
    <ClInclude Include="AboutProgramDlg.h">
      <Filter>Header Files</Filter>
    </ClInclude>
    <ClInclude Include="AdditionalSettingsDlg.h">
      <Filter>Header Files</Filter>
    </ClInclude>
    <ClInclude Include="AdmRead.h">
      <Filter>Header Files</Filter>
    </ClInclude>
    <ClInclude Include="ChildFrm.h">
      <Filter>Header Files</Filter>
    </ClInclude>
    <ClInclude Include="ChooseOrderDlg.h">
      <Filter>Header Files</Filter>
    </ClInclude>
    <ClInclude Include="CodTechRead.h">
      <Filter>Header Files</Filter>
    </ClInclude>
    <ClInclude Include="DescrdocRead.h">
      <Filter>Header Files</Filter>
    </ClInclude>
    <ClInclude Include="DescrRead.h">
      <Filter>Header Files</Filter>
    </ClInclude>
    <ClInclude Include="GeneralSettingsDlg.h">
      <Filter>Header Files</Filter>
    </ClInclude>
    <ClInclude Include="grafstr.h">
      <Filter>Header Files</Filter>
    </ClInclude>
    <ClInclude Include="GraphOrder.h">
      <Filter>Header Files</Filter>
    </ClInclude>
    <ClInclude Include="GraphOrderDoc.h">
      <Filter>Header Files</Filter>
    </ClInclude>
    <ClInclude Include="GraphOrderView.h">
      <Filter>Header Files</Filter>
    </ClInclude>
    <ClInclude Include="ListdocsRead.h">
      <Filter>Header Files</Filter>
    </ClInclude>
    <ClInclude Include="MainFrm.h">
      <Filter>Header Files</Filter>
    </ClInclude>
    <ClInclude Include="MetaTableRead.h">
      <Filter>Header Files</Filter>
    </ClInclude>
    <ClInclude Include="NameAdr.h">
      <Filter>Header Files</Filter>
    </ClInclude>
    <ClInclude Include="NregionRead.h">
      <Filter>Header Files</Filter>
    </ClInclude>
    <ClInclude Include="OrdAllRead.h">
      <Filter>Header Files</Filter>
    </ClInclude>
    <ClInclude Include="OrderMainFrm.h">
      <Filter>Header Files</Filter>
    </ClInclude>
    <ClInclude Include="OrderSay.h">
      <Filter>Header Files</Filter>
    </ClInclude>
    <ClInclude Include="OrderSayDoc.h">
      <Filter>Header Files</Filter>
    </ClInclude>
    <ClInclude Include="OrderSayView.h">
      <Filter>Header Files</Filter>
    </ClInclude>
    <ClInclude Include="ParseFull.h">
      <Filter>Header Files</Filter>
    </ClInclude>
    <ClInclude Include="SelectStateOrder.h">
      <Filter>Header Files</Filter>
    </ClInclude>
    <ClInclude Include="ServiceRead.h">
      <Filter>Header Files</Filter>
    </ClInclude>
  </ItemGroup>
  <ItemGroup>
    <Text Include="ReadMe.txt" />
  </ItemGroup>
  <ItemGroup>
    <CustomBuild Include="GraphOrderLibrary.def">
      <Filter>Source Files</Filter>
    </CustomBuild>
    <CustomBuild Include="res\GraphOrderLibrary.rc2">
      <Filter>Resource Files</Filter>
    </CustomBuild>
  </ItemGroup>
  <ItemGroup>
    <Image Include="res\toolbar.bmp">
      <Filter>Resource Files</Filter>
    </Image>
    <Image Include="res\ToolbarOld.bmp">
      <Filter>Resource Files</Filter>
    </Image>
    <Image Include="res\GraphOrderMDI.ico">
      <Filter>Resource Files</Filter>
    </Image>
    <Image Include="res\GraphOrderMDIDoc.ico">
      <Filter>Resource Files</Filter>
    </Image>
    <Image Include="res\Reduce.ico">
      <Filter>Resource Files</Filter>
    </Image>
    <Image Include="res\Increase.ico">
      <Filter>Resource Files</Filter>
    </Image>
  </ItemGroup>
</Project>